{
  "name": "promptctl-docs",
  "lockfileVersion": 3,
  "requires": true,
  "packages": {
    "": {
      "name": "promptctl-docs",
      "devDependencies": {
        "docs-index-keeper": "^1.0.2"
      }
    },
    "node_modules/docs-index-keeper": {
      "version": "1.0.2",
      "resolved": "https://registry.npmjs.org/docs-index-keeper/-/docs-index-keeper-1.0.2.tgz",
      "integrity": "sha512-oRYYLJbT/rEPfkUKj1VzMZkcF2BMHFTebDPg1dGYyoR9ttTScxxBvsGEd1hl3VpKi5EZakXfDhkhoqyno5GbBw==",
      "dev": true,
      "license": "MIT",
      "bin": {
        "docs-index-keeper": "dist/cli.js"
      },
      "engines": {
        "node": ">=18"
      }
    }
  }
}
